// !$*UTF8*$!
{
	archiveVersion = 1;
	classes = {
	};
	objectVersion = 46;
	objects = {

/* Begin PBXBuildFile section */
		B538D9C91B1369F600D0A883 /* CoreLocation.framework in Frameworks */ = {isa = PBXBuildFile; fileRef = B538D9C81B1369F600D0A883 /* CoreLocation.framework */; };
		B5889B351B4F758300539E97 /* StoreKit.framework in Frameworks */ = {isa = PBXBuildFile; fileRef = B5889B341B4F758300539E97 /* StoreKit.framework */; };
		B5D1356C1B0B731A00ADC9E5 /* AppDelegate.swift in Sources */ = {isa = PBXBuildFile; fileRef = B5D1356B1B0B731A00ADC9E5 /* AppDelegate.swift */; };
		B5D135711B0B731A00ADC9E5 /* Main.storyboard in Resources */ = {isa = PBXBuildFile; fileRef = B5D1356F1B0B731A00ADC9E5 /* Main.storyboard */; };
		B5D135731B0B731A00ADC9E5 /* Images.xcassets in Resources */ = {isa = PBXBuildFile; fileRef = B5D135721B0B731A00ADC9E5 /* Images.xcassets */; };
		B5D135761B0B731A00ADC9E5 /* LaunchScreen.xib in Resources */ = {isa = PBXBuildFile; fileRef = B5D135741B0B731A00ADC9E5 /* LaunchScreen.xib */; };
		B5D135821B0B731A00ADC9E5 /* TempTellerTests.swift in Sources */ = {isa = PBXBuildFile; fileRef = B5D135811B0B731A00ADC9E5 /* TempTellerTests.swift */; };
		B5F1CEE51B597DBC0047A376 /* SwiftExtensions.swift in Sources */ = {isa = PBXBuildFile; fileRef = B5F1CEE31B597DBC0047A376 /* SwiftExtensions.swift */; };
		B5F1CEE61B597DBC0047A376 /* SwiftyJSON.swift in Sources */ = {isa = PBXBuildFile; fileRef = B5F1CEE41B597DBC0047A376 /* SwiftyJSON.swift */; };
		B5F1CEF81B597E350047A376 /* Rule.swift in Sources */ = {isa = PBXBuildFile; fileRef = B5F1CEF71B597E350047A376 /* Rule.swift */; };
		B5F1CEFA1B597E460047A376 /* Location.swift in Sources */ = {isa = PBXBuildFile; fileRef = B5F1CEF91B597E460047A376 /* Location.swift */; };
		B5F1CEFC1B5980140047A376 /* SubRule.swift in Sources */ = {isa = PBXBuildFile; fileRef = B5F1CEFB1B5980140047A376 /* SubRule.swift */; };
		B5F1CEFE1B5980310047A376 /* MessageSubRule.swift in Sources */ = {isa = PBXBuildFile; fileRef = B5F1CEFD1B5980310047A376 /* MessageSubRule.swift */; };
		B5F1CF001B5980C40047A376 /* TemperatureSubRule.swift in Sources */ = {isa = PBXBuildFile; fileRef = B5F1CEFF1B5980C40047A376 /* TemperatureSubRule.swift */; };
		B5F1CF021B5980E50047A376 /* HumiditySubRule.swift in Sources */ = {isa = PBXBuildFile; fileRef = B5F1CF011B5980E50047A376 /* HumiditySubRule.swift */; };
		B5F1CF041B5981030047A376 /* WindSpeedSubRule.swift in Sources */ = {isa = PBXBuildFile; fileRef = B5F1CF031B5981030047A376 /* WindSpeedSubRule.swift */; };
		B5F1CF061B59811C0047A376 /* TimeSubRule.swift in Sources */ = {isa = PBXBuildFile; fileRef = B5F1CF051B59811C0047A376 /* TimeSubRule.swift */; };
		B5F1CF081B5981410047A376 /* LocationSubRule.swift in Sources */ = {isa = PBXBuildFile; fileRef = B5F1CF071B5981410047A376 /* LocationSubRule.swift */; };
		B5F1CF0A1B5982490047A376 /* ConditionSubRule.swift in Sources */ = {isa = PBXBuildFile; fileRef = B5F1CF091B5982490047A376 /* ConditionSubRule.swift */; };
		B5F1CF0C1B59829E0047A376 /* ForcastTempSubRule.swift in Sources */ = {isa = PBXBuildFile; fileRef = B5F1CF0B1B59829E0047A376 /* ForcastTempSubRule.swift */; };
		B5F1CF0E1B5982BC0047A376 /* ForcastConditionSubRule.swift in Sources */ = {isa = PBXBuildFile; fileRef = B5F1CF0D1B5982BC0047A376 /* ForcastConditionSubRule.swift */; };
		B5F1CF101B59853B0047A376 /* ConvertableToDictionary.swift in Sources */ = {isa = PBXBuildFile; fileRef = B5F1CF0F1B59853B0047A376 /* ConvertableToDictionary.swift */; };
		B5F1CF151B5986050047A376 /* RuleController.swift in Sources */ = {isa = PBXBuildFile; fileRef = B5F1CF121B5986050047A376 /* RuleController.swift */; };
		B5F1CF161B5986050047A376 /* RuleDetailController.swift in Sources */ = {isa = PBXBuildFile; fileRef = B5F1CF131B5986050047A376 /* RuleDetailController.swift */; };
		B5F1CF171B5986050047A376 /* SettingsViewController.swift in Sources */ = {isa = PBXBuildFile; fileRef = B5F1CF141B5986050047A376 /* SettingsViewController.swift */; };
		B5F1CF1A1B59860F0047A376 /* WeatherService.swift in Sources */ = {isa = PBXBuildFile; fileRef = B5F1CF191B59860F0047A376 /* WeatherService.swift */; };
		B5F1CF221B5D2C940047A376 /* AddSubRuleCell.swift in Sources */ = {isa = PBXBuildFile; fileRef = B5F1CF1C1B5D2C940047A376 /* AddSubRuleCell.swift */; };
		B5F1CF231B5D2C940047A376 /* LocationCell.swift in Sources */ = {isa = PBXBuildFile; fileRef = B5F1CF1D1B5D2C940047A376 /* LocationCell.swift */; };
		B5F1CF241B5D2C940047A376 /* MessageCell.swift in Sources */ = {isa = PBXBuildFile; fileRef = B5F1CF1E1B5D2C940047A376 /* MessageCell.swift */; };
		B5F1CF251B5D2C940047A376 /* RuleCell.swift in Sources */ = {isa = PBXBuildFile; fileRef = B5F1CF1F1B5D2C940047A376 /* RuleCell.swift */; };
		B5F1CF261B5D2C940047A376 /* SubRuleDisplaying.swift in Sources */ = {isa = PBXBuildFile; fileRef = B5F1CF201B5D2C940047A376 /* SubRuleDisplaying.swift */; };
		B5F1CF271B5D2C940047A376 /* TemperatureCell.swift in Sources */ = {isa = PBXBuildFile; fileRef = B5F1CF211B5D2C940047A376 /* TemperatureCell.swift */; };
/* End PBXBuildFile section */

/* Begin PBXContainerItemProxy section */
		B5D1357C1B0B731A00ADC9E5 /* PBXContainerItemProxy */ = {
			isa = PBXContainerItemProxy;
			containerPortal = B5D1355E1B0B731A00ADC9E5 /* Project object */;
			proxyType = 1;
			remoteGlobalIDString = B5D135651B0B731A00ADC9E5;
			remoteInfo = TempTeller;
		};
/* End PBXContainerItemProxy section */

/* Begin PBXFileReference section */
		B538D9C81B1369F600D0A883 /* CoreLocation.framework */ = {isa = PBXFileReference; lastKnownFileType = wrapper.framework; name = CoreLocation.framework; path = System/Library/Frameworks/CoreLocation.framework; sourceTree = SDKROOT; };
		B538D9CA1B137FEA00D0A883 /* TempTeller.entitlements */ = {isa = PBXFileReference; lastKnownFileType = text.xml; path = TempTeller.entitlements; sourceTree = "<group>"; };
		B5889B341B4F758300539E97 /* StoreKit.framework */ = {isa = PBXFileReference; lastKnownFileType = wrapper.framework; name = StoreKit.framework; path = System/Library/Frameworks/StoreKit.framework; sourceTree = SDKROOT; };
		B5D135661B0B731A00ADC9E5 /* TempTeller.app */ = {isa = PBXFileReference; explicitFileType = wrapper.application; includeInIndex = 0; path = TempTeller.app; sourceTree = BUILT_PRODUCTS_DIR; };
		B5D1356A1B0B731A00ADC9E5 /* Info.plist */ = {isa = PBXFileReference; lastKnownFileType = text.plist.xml; path = Info.plist; sourceTree = "<group>"; };
		B5D1356B1B0B731A00ADC9E5 /* AppDelegate.swift */ = {isa = PBXFileReference; lastKnownFileType = sourcecode.swift; path = AppDelegate.swift; sourceTree = "<group>"; };
		B5D135701B0B731A00ADC9E5 /* Base */ = {isa = PBXFileReference; lastKnownFileType = file.storyboard; name = Base; path = Base.lproj/Main.storyboard; sourceTree = "<group>"; };
		B5D135721B0B731A00ADC9E5 /* Images.xcassets */ = {isa = PBXFileReference; lastKnownFileType = folder.assetcatalog; path = Images.xcassets; sourceTree = "<group>"; };
		B5D135751B0B731A00ADC9E5 /* Base */ = {isa = PBXFileReference; lastKnownFileType = file.xib; name = Base; path = Base.lproj/LaunchScreen.xib; sourceTree = "<group>"; };
		B5D1357B1B0B731A00ADC9E5 /* TempTellerTests.xctest */ = {isa = PBXFileReference; explicitFileType = wrapper.cfbundle; includeInIndex = 0; path = TempTellerTests.xctest; sourceTree = BUILT_PRODUCTS_DIR; };
		B5D135801B0B731A00ADC9E5 /* Info.plist */ = {isa = PBXFileReference; lastKnownFileType = text.plist.xml; path = Info.plist; sourceTree = "<group>"; };
		B5D135811B0B731A00ADC9E5 /* TempTellerTests.swift */ = {isa = PBXFileReference; lastKnownFileType = sourcecode.swift; path = TempTellerTests.swift; sourceTree = "<group>"; };
		B5F1CEE31B597DBC0047A376 /* SwiftExtensions.swift */ = {isa = PBXFileReference; fileEncoding = 4; lastKnownFileType = sourcecode.swift; path = SwiftExtensions.swift; sourceTree = "<group>"; };
		B5F1CEE41B597DBC0047A376 /* SwiftyJSON.swift */ = {isa = PBXFileReference; fileEncoding = 4; lastKnownFileType = sourcecode.swift; path = SwiftyJSON.swift; sourceTree = "<group>"; };
		B5F1CEF71B597E350047A376 /* Rule.swift */ = {isa = PBXFileReference; fileEncoding = 4; lastKnownFileType = sourcecode.swift; path = Rule.swift; sourceTree = "<group>"; };
		B5F1CEF91B597E460047A376 /* Location.swift */ = {isa = PBXFileReference; fileEncoding = 4; lastKnownFileType = sourcecode.swift; path = Location.swift; sourceTree = "<group>"; };
		B5F1CEFB1B5980140047A376 /* SubRule.swift */ = {isa = PBXFileReference; fileEncoding = 4; lastKnownFileType = sourcecode.swift; path = SubRule.swift; sourceTree = "<group>"; };
		B5F1CEFD1B5980310047A376 /* MessageSubRule.swift */ = {isa = PBXFileReference; fileEncoding = 4; lastKnownFileType = sourcecode.swift; path = MessageSubRule.swift; sourceTree = "<group>"; };
		B5F1CEFF1B5980C40047A376 /* TemperatureSubRule.swift */ = {isa = PBXFileReference; fileEncoding = 4; lastKnownFileType = sourcecode.swift; path = TemperatureSubRule.swift; sourceTree = "<group>"; };
		B5F1CF011B5980E50047A376 /* HumiditySubRule.swift */ = {isa = PBXFileReference; fileEncoding = 4; lastKnownFileType = sourcecode.swift; path = HumiditySubRule.swift; sourceTree = "<group>"; };
		B5F1CF031B5981030047A376 /* WindSpeedSubRule.swift */ = {isa = PBXFileReference; fileEncoding = 4; lastKnownFileType = sourcecode.swift; path = WindSpeedSubRule.swift; sourceTree = "<group>"; };
		B5F1CF051B59811C0047A376 /* TimeSubRule.swift */ = {isa = PBXFileReference; fileEncoding = 4; lastKnownFileType = sourcecode.swift; path = TimeSubRule.swift; sourceTree = "<group>"; };
		B5F1CF071B5981410047A376 /* LocationSubRule.swift */ = {isa = PBXFileReference; fileEncoding = 4; lastKnownFileType = sourcecode.swift; path = LocationSubRule.swift; sourceTree = "<group>"; };
		B5F1CF091B5982490047A376 /* ConditionSubRule.swift */ = {isa = PBXFileReference; fileEncoding = 4; lastKnownFileType = sourcecode.swift; path = ConditionSubRule.swift; sourceTree = "<group>"; };
		B5F1CF0B1B59829E0047A376 /* ForcastTempSubRule.swift */ = {isa = PBXFileReference; fileEncoding = 4; lastKnownFileType = sourcecode.swift; path = ForcastTempSubRule.swift; sourceTree = "<group>"; };
		B5F1CF0D1B5982BC0047A376 /* ForcastConditionSubRule.swift */ = {isa = PBXFileReference; fileEncoding = 4; lastKnownFileType = sourcecode.swift; path = ForcastConditionSubRule.swift; sourceTree = "<group>"; };
		B5F1CF0F1B59853B0047A376 /* ConvertableToDictionary.swift */ = {isa = PBXFileReference; fileEncoding = 4; lastKnownFileType = sourcecode.swift; path = ConvertableToDictionary.swift; sourceTree = "<group>"; };
		B5F1CF121B5986050047A376 /* RuleController.swift */ = {isa = PBXFileReference; fileEncoding = 4; lastKnownFileType = sourcecode.swift; path = RuleController.swift; sourceTree = "<group>"; };
		B5F1CF131B5986050047A376 /* RuleDetailController.swift */ = {isa = PBXFileReference; fileEncoding = 4; lastKnownFileType = sourcecode.swift; path = RuleDetailController.swift; sourceTree = "<group>"; };
		B5F1CF141B5986050047A376 /* SettingsViewController.swift */ = {isa = PBXFileReference; fileEncoding = 4; lastKnownFileType = sourcecode.swift; path = SettingsViewController.swift; sourceTree = "<group>"; };
		B5F1CF191B59860F0047A376 /* WeatherService.swift */ = {isa = PBXFileReference; fileEncoding = 4; lastKnownFileType = sourcecode.swift; path = WeatherService.swift; sourceTree = "<group>"; };
		B5F1CF1C1B5D2C940047A376 /* AddSubRuleCell.swift */ = {isa = PBXFileReference; fileEncoding = 4; lastKnownFileType = sourcecode.swift; path = AddSubRuleCell.swift; sourceTree = "<group>"; };
		B5F1CF1D1B5D2C940047A376 /* LocationCell.swift */ = {isa = PBXFileReference; fileEncoding = 4; lastKnownFileType = sourcecode.swift; path = LocationCell.swift; sourceTree = "<group>"; };
		B5F1CF1E1B5D2C940047A376 /* MessageCell.swift */ = {isa = PBXFileReference; fileEncoding = 4; lastKnownFileType = sourcecode.swift; path = MessageCell.swift; sourceTree = "<group>"; };
		B5F1CF1F1B5D2C940047A376 /* RuleCell.swift */ = {isa = PBXFileReference; fileEncoding = 4; lastKnownFileType = sourcecode.swift; path = RuleCell.swift; sourceTree = "<group>"; };
		B5F1CF201B5D2C940047A376 /* SubRuleDisplaying.swift */ = {isa = PBXFileReference; fileEncoding = 4; lastKnownFileType = sourcecode.swift; path = SubRuleDisplaying.swift; sourceTree = "<group>"; };
		B5F1CF211B5D2C940047A376 /* TemperatureCell.swift */ = {isa = PBXFileReference; fileEncoding = 4; lastKnownFileType = sourcecode.swift; path = TemperatureCell.swift; sourceTree = "<group>"; };
/* End PBXFileReference section */

/* Begin PBXFrameworksBuildPhase section */
		B5D135631B0B731A00ADC9E5 /* Frameworks */ = {
			isa = PBXFrameworksBuildPhase;
			buildActionMask = 2147483647;
			files = (
				B538D9C91B1369F600D0A883 /* CoreLocation.framework in Frameworks */,
				B5889B351B4F758300539E97 /* StoreKit.framework in Frameworks */,
			);
			runOnlyForDeploymentPostprocessing = 0;
		};
		B5D135781B0B731A00ADC9E5 /* Frameworks */ = {
			isa = PBXFrameworksBuildPhase;
			buildActionMask = 2147483647;
			files = (
			);
			runOnlyForDeploymentPostprocessing = 0;
		};
/* End PBXFrameworksBuildPhase section */

/* Begin PBXGroup section */
		B5D1355D1B0B731A00ADC9E5 = {
			isa = PBXGroup;
			children = (
				B5889B341B4F758300539E97 /* StoreKit.framework */,
				B538D9C81B1369F600D0A883 /* CoreLocation.framework */,
				B5D135681B0B731A00ADC9E5 /* TempTeller */,
				B5D1357E1B0B731A00ADC9E5 /* TempTellerTests */,
				B5D135671B0B731A00ADC9E5 /* Products */,
			);
			sourceTree = "<group>";
		};
		B5D135671B0B731A00ADC9E5 /* Products */ = {
			isa = PBXGroup;
			children = (
				B5D135661B0B731A00ADC9E5 /* TempTeller.app */,
				B5D1357B1B0B731A00ADC9E5 /* TempTellerTests.xctest */,
			);
			name = Products;
			sourceTree = "<group>";
		};
		B5D135681B0B731A00ADC9E5 /* TempTeller */ = {
			isa = PBXGroup;
			children = (
				B5F1CEF61B597E350047A376 /* model */,
				B5D135691B0B731A00ADC9E5 /* Supporting Files */,
				B5F1CF111B5986050047A376 /* ui */,
				B5F1CEE21B597DBC0047A376 /* util */,
				B5F1CF181B59860F0047A376 /* webservice */,
			);
			path = TempTeller;
			sourceTree = "<group>";
		};
		B5D135691B0B731A00ADC9E5 /* Supporting Files */ = {
			isa = PBXGroup;
			children = (
				B5D1356B1B0B731A00ADC9E5 /* AppDelegate.swift */,
				B5D135721B0B731A00ADC9E5 /* Images.xcassets */,
				B5D1356A1B0B731A00ADC9E5 /* Info.plist */,
				B5D135741B0B731A00ADC9E5 /* LaunchScreen.xib */,
				B538D9CA1B137FEA00D0A883 /* TempTeller.entitlements */,
			);
			name = "Supporting Files";
			sourceTree = "<group>";
		};
		B5D1357E1B0B731A00ADC9E5 /* TempTellerTests */ = {
			isa = PBXGroup;
			children = (
				B5D135811B0B731A00ADC9E5 /* TempTellerTests.swift */,
				B5D1357F1B0B731A00ADC9E5 /* Supporting Files */,
			);
			path = TempTellerTests;
			sourceTree = "<group>";
		};
		B5D1357F1B0B731A00ADC9E5 /* Supporting Files */ = {
			isa = PBXGroup;
			children = (
				B5D135801B0B731A00ADC9E5 /* Info.plist */,
			);
			name = "Supporting Files";
			sourceTree = "<group>";
		};
		B5F1CEE21B597DBC0047A376 /* util */ = {
			isa = PBXGroup;
			children = (
				B5F1CEE31B597DBC0047A376 /* SwiftExtensions.swift */,
				B5F1CEE41B597DBC0047A376 /* SwiftyJSON.swift */,
			);
			path = util;
			sourceTree = "<group>";
		};
		B5F1CEF61B597E350047A376 /* model */ = {
			isa = PBXGroup;
			children = (
				B5F1CF091B5982490047A376 /* ConditionSubRule.swift */,
				B5F1CF0F1B59853B0047A376 /* ConvertableToDictionary.swift */,
				B5F1CF0D1B5982BC0047A376 /* ForcastConditionSubRule.swift */,
				B5F1CF0B1B59829E0047A376 /* ForcastTempSubRule.swift */,
				B5F1CF011B5980E50047A376 /* HumiditySubRule.swift */,
				B5F1CEF91B597E460047A376 /* Location.swift */,
				B5F1CF071B5981410047A376 /* LocationSubRule.swift */,
				B5F1CEFD1B5980310047A376 /* MessageSubRule.swift */,
				B5F1CEF71B597E350047A376 /* Rule.swift */,
				B5F1CEFB1B5980140047A376 /* SubRule.swift */,
				B5F1CEFF1B5980C40047A376 /* TemperatureSubRule.swift */,
				B5F1CF051B59811C0047A376 /* TimeSubRule.swift */,
				B5F1CF031B5981030047A376 /* WindSpeedSubRule.swift */,
			);
			path = model;
			sourceTree = "<group>";
		};
		B5F1CF111B5986050047A376 /* ui */ = {
			isa = PBXGroup;
			children = (
				B5F1CF1B1B5D2C940047A376 /* cells */,
				B5D1356F1B0B731A00ADC9E5 /* Main.storyboard */,
				B5F1CF121B5986050047A376 /* RuleController.swift */,
				B5F1CF131B5986050047A376 /* RuleDetailController.swift */,
				B5F1CF141B5986050047A376 /* SettingsViewController.swift */,
			);
			path = ui;
			sourceTree = "<group>";
		};
		B5F1CF181B59860F0047A376 /* webservice */ = {
			isa = PBXGroup;
			children = (
				B5F1CF191B59860F0047A376 /* WeatherService.swift */,
			);
			path = webservice;
			sourceTree = "<group>";
		};
		B5F1CF1B1B5D2C940047A376 /* cells */ = {
			isa = PBXGroup;
			children = (
				B5F1CF1C1B5D2C940047A376 /* AddSubRuleCell.swift */,
				B5F1CF1D1B5D2C940047A376 /* LocationCell.swift */,
				B5F1CF1E1B5D2C940047A376 /* MessageCell.swift */,
				B5F1CF1F1B5D2C940047A376 /* RuleCell.swift */,
				B5F1CF201B5D2C940047A376 /* SubRuleDisplaying.swift */,
				B5F1CF211B5D2C940047A376 /* TemperatureCell.swift */,
			);
			path = cells;
			sourceTree = "<group>";
		};
/* End PBXGroup section */

/* Begin PBXNativeTarget section */
		B5D135651B0B731A00ADC9E5 /* TempTeller */ = {
			isa = PBXNativeTarget;
			buildConfigurationList = B5D135851B0B731A00ADC9E5 /* Build configuration list for PBXNativeTarget "TempTeller" */;
			buildPhases = (
				B5D135621B0B731A00ADC9E5 /* Sources */,
				B5D135631B0B731A00ADC9E5 /* Frameworks */,
				B5D135641B0B731A00ADC9E5 /* Resources */,
			);
			buildRules = (
			);
			dependencies = (
			);
			name = TempTeller;
			productName = TempTeller;
			productReference = B5D135661B0B731A00ADC9E5 /* TempTeller.app */;
			productType = "com.apple.product-type.application";
		};
		B5D1357A1B0B731A00ADC9E5 /* TempTellerTests */ = {
			isa = PBXNativeTarget;
			buildConfigurationList = B5D135881B0B731A00ADC9E5 /* Build configuration list for PBXNativeTarget "TempTellerTests" */;
			buildPhases = (
				B5D135771B0B731A00ADC9E5 /* Sources */,
				B5D135781B0B731A00ADC9E5 /* Frameworks */,
				B5D135791B0B731A00ADC9E5 /* Resources */,
			);
			buildRules = (
			);
			dependencies = (
				B5D1357D1B0B731A00ADC9E5 /* PBXTargetDependency */,
			);
			name = TempTellerTests;
			productName = TempTellerTests;
			productReference = B5D1357B1B0B731A00ADC9E5 /* TempTellerTests.xctest */;
			productType = "com.apple.product-type.bundle.unit-test";
		};
/* End PBXNativeTarget section */

/* Begin PBXProject section */
		B5D1355E1B0B731A00ADC9E5 /* Project object */ = {
			isa = PBXProject;
			attributes = {
				LastUpgradeCheck = 0630;
				ORGANIZATIONNAME = "Benjamin Alan La Monica";
				TargetAttributes = {
					B5D135651B0B731A00ADC9E5 = {
						CreatedOnToolsVersion = 6.3;
						DevelopmentTeam = 9VR9ER8N6N;
						SystemCapabilities = {
							com.apple.BackgroundModes = {
								enabled = 1;
							};
							com.apple.InAppPurchase = {
								enabled = 1;
							};
							com.apple.iCloud = {
								enabled = 1;
							};
						};
					};
					B5D1357A1B0B731A00ADC9E5 = {
						CreatedOnToolsVersion = 6.3;
						TestTargetID = B5D135651B0B731A00ADC9E5;
					};
				};
			};
			buildConfigurationList = B5D135611B0B731A00ADC9E5 /* Build configuration list for PBXProject "TempTeller" */;
			compatibilityVersion = "Xcode 3.2";
			developmentRegion = English;
			hasScannedForEncodings = 0;
			knownRegions = (
				en,
				Base,
			);
			mainGroup = B5D1355D1B0B731A00ADC9E5;
			productRefGroup = B5D135671B0B731A00ADC9E5 /* Products */;
			projectDirPath = "";
			projectRoot = "";
			targets = (
				B5D135651B0B731A00ADC9E5 /* TempTeller */,
				B5D1357A1B0B731A00ADC9E5 /* TempTellerTests */,
			);
		};
/* End PBXProject section */

/* Begin PBXResourcesBuildPhase section */
		B5D135641B0B731A00ADC9E5 /* Resources */ = {
			isa = PBXResourcesBuildPhase;
			buildActionMask = 2147483647;
			files = (
				B5D135711B0B731A00ADC9E5 /* Main.storyboard in Resources */,
				B5D135761B0B731A00ADC9E5 /* LaunchScreen.xib in Resources */,
				B5D135731B0B731A00ADC9E5 /* Images.xcassets in Resources */,
			);
			runOnlyForDeploymentPostprocessing = 0;
		};
		B5D135791B0B731A00ADC9E5 /* Resources */ = {
			isa = PBXResourcesBuildPhase;
			buildActionMask = 2147483647;
			files = (
			);
			runOnlyForDeploymentPostprocessing = 0;
		};
/* End PBXResourcesBuildPhase section */

/* Begin PBXSourcesBuildPhase section */
		B5D135621B0B731A00ADC9E5 /* Sources */ = {
			isa = PBXSourcesBuildPhase;
			buildActionMask = 2147483647;
			files = (
				B5F1CF0C1B59829E0047A376 /* ForcastTempSubRule.swift in Sources */,
				B5F1CF251B5D2C940047A376 /* RuleCell.swift in Sources */,
				B5F1CEE51B597DBC0047A376 /* SwiftExtensions.swift in Sources */,
				B5F1CEFA1B597E460047A376 /* Location.swift in Sources */,
				B5F1CF021B5980E50047A376 /* HumiditySubRule.swift in Sources */,
				B5F1CEFC1B5980140047A376 /* SubRule.swift in Sources */,
				B5F1CF0A1B5982490047A376 /* ConditionSubRule.swift in Sources */,
				B5F1CF241B5D2C940047A376 /* MessageCell.swift in Sources */,
				B5F1CF231B5D2C940047A376 /* LocationCell.swift in Sources */,
				B5F1CF101B59853B0047A376 /* ConvertableToDictionary.swift in Sources */,
				B5F1CF0E1B5982BC0047A376 /* ForcastConditionSubRule.swift in Sources */,
				B5F1CF061B59811C0047A376 /* TimeSubRule.swift in Sources */,
				B5F1CF271B5D2C940047A376 /* TemperatureCell.swift in Sources */,
				B5F1CF221B5D2C940047A376 /* AddSubRuleCell.swift in Sources */,
				B5F1CF001B5980C40047A376 /* TemperatureSubRule.swift in Sources */,
				B5F1CF081B5981410047A376 /* LocationSubRule.swift in Sources */,
				B5F1CF041B5981030047A376 /* WindSpeedSubRule.swift in Sources */,
				B5F1CF261B5D2C940047A376 /* SubRuleDisplaying.swift in Sources */,
				B5F1CF151B5986050047A376 /* RuleController.swift in Sources */,
				B5F1CF1A1B59860F0047A376 /* WeatherService.swift in Sources */,
				B5F1CEE61B597DBC0047A376 /* SwiftyJSON.swift in Sources */,
				B5F1CF161B5986050047A376 /* RuleDetailController.swift in Sources */,
				B5F1CEF81B597E350047A376 /* Rule.swift in Sources */,
				B5F1CEFE1B5980310047A376 /* MessageSubRule.swift in Sources */,
				B5D1356C1B0B731A00ADC9E5 /* AppDelegate.swift in Sources */,
				B5F1CF171B5986050047A376 /* SettingsViewController.swift in Sources */,
			);
			runOnlyForDeploymentPostprocessing = 0;
		};
		B5D135771B0B731A00ADC9E5 /* Sources */ = {
			isa = PBXSourcesBuildPhase;
			buildActionMask = 2147483647;
			files = (
				B5D135821B0B731A00ADC9E5 /* TempTellerTests.swift in Sources */,
			);
			runOnlyForDeploymentPostprocessing = 0;
		};
/* End PBXSourcesBuildPhase section */

/* Begin PBXTargetDependency section */
		B5D1357D1B0B731A00ADC9E5 /* PBXTargetDependency */ = {
			isa = PBXTargetDependency;
			target = B5D135651B0B731A00ADC9E5 /* TempTeller */;
			targetProxy = B5D1357C1B0B731A00ADC9E5 /* PBXContainerItemProxy */;
		};
/* End PBXTargetDependency section */

/* Begin PBXVariantGroup section */
		B5D1356F1B0B731A00ADC9E5 /* Main.storyboard */ = {
			isa = PBXVariantGroup;
			children = (
				B5D135701B0B731A00ADC9E5 /* Base */,
			);
			name = Main.storyboard;
			path = ..;
			sourceTree = "<group>";
		};
		B5D135741B0B731A00ADC9E5 /* LaunchScreen.xib */ = {
			isa = PBXVariantGroup;
			children = (
				B5D135751B0B731A00ADC9E5 /* Base */,
			);
			name = LaunchScreen.xib;
			sourceTree = "<group>";
		};
/* End PBXVariantGroup section */

/* Begin XCBuildConfiguration section */
		B5D135831B0B731A00ADC9E5 /* Debug */ = {
			isa = XCBuildConfiguration;
			buildSettings = {
				ALWAYS_SEARCH_USER_PATHS = NO;
				CLANG_CXX_LANGUAGE_STANDARD = "gnu++0x";
				CLANG_CXX_LIBRARY = "libc++";
				CLANG_ENABLE_MODULES = YES;
				CLANG_ENABLE_OBJC_ARC = YES;
				CLANG_WARN_BOOL_CONVERSION = YES;
				CLANG_WARN_CONSTANT_CONVERSION = YES;
				CLANG_WARN_DIRECT_OBJC_ISA_USAGE = YES_ERROR;
				CLANG_WARN_EMPTY_BODY = YES;
				CLANG_WARN_ENUM_CONVERSION = YES;
				CLANG_WARN_INT_CONVERSION = YES;
				CLANG_WARN_OBJC_ROOT_CLASS = YES_ERROR;
				CLANG_WARN_UNREACHABLE_CODE = YES;
				CLANG_WARN__DUPLICATE_METHOD_MATCH = YES;
				"CODE_SIGN_IDENTITY[sdk=iphoneos*]" = "iPhone Developer";
				COPY_PHASE_STRIP = NO;
				DEBUG_INFORMATION_FORMAT = "dwarf-with-dsym";
				ENABLE_STRICT_OBJC_MSGSEND = YES;
				GCC_C_LANGUAGE_STANDARD = gnu99;
				GCC_DYNAMIC_NO_PIC = NO;
				GCC_NO_COMMON_BLOCKS = YES;
				GCC_OPTIMIZATION_LEVEL = 0;
				GCC_PREPROCESSOR_DEFINITIONS = (
					"DEBUG=1",
					"$(inherited)",
				);
				GCC_SYMBOLS_PRIVATE_EXTERN = NO;
				GCC_WARN_64_TO_32_BIT_CONVERSION = YES;
				GCC_WARN_ABOUT_RETURN_TYPE = YES_ERROR;
				GCC_WARN_UNDECLARED_SELECTOR = YES;
				GCC_WARN_UNINITIALIZED_AUTOS = YES_AGGRESSIVE;
				GCC_WARN_UNUSED_FUNCTION = YES;
				GCC_WARN_UNUSED_VARIABLE = YES;
				IPHONEOS_DEPLOYMENT_TARGET = 8.3;
				MTL_ENABLE_DEBUG_INFO = YES;
				ONLY_ACTIVE_ARCH = YES;
				SDKROOT = iphoneos;
				SWIFT_OPTIMIZATION_LEVEL = "-Onone";
			};
			name = Debug;
		};
		B5D135841B0B731A00ADC9E5 /* Release */ = {
			isa = XCBuildConfiguration;
			buildSettings = {
				ALWAYS_SEARCH_USER_PATHS = NO;
				CLANG_CXX_LANGUAGE_STANDARD = "gnu++0x";
				CLANG_CXX_LIBRARY = "libc++";
				CLANG_ENABLE_MODULES = YES;
				CLANG_ENABLE_OBJC_ARC = YES;
				CLANG_WARN_BOOL_CONVERSION = YES;
				CLANG_WARN_CONSTANT_CONVERSION = YES;
				CLANG_WARN_DIRECT_OBJC_ISA_USAGE = YES_ERROR;
				CLANG_WARN_EMPTY_BODY = YES;
				CLANG_WARN_ENUM_CONVERSION = YES;
				CLANG_WARN_INT_CONVERSION = YES;
				CLANG_WARN_OBJC_ROOT_CLASS = YES_ERROR;
				CLANG_WARN_UNREACHABLE_CODE = YES;
				CLANG_WARN__DUPLICATE_METHOD_MATCH = YES;
				"CODE_SIGN_IDENTITY[sdk=iphoneos*]" = "iPhone Developer";
				COPY_PHASE_STRIP = NO;
				DEBUG_INFORMATION_FORMAT = "dwarf-with-dsym";
				ENABLE_NS_ASSERTIONS = NO;
				ENABLE_STRICT_OBJC_MSGSEND = YES;
				GCC_C_LANGUAGE_STANDARD = gnu99;
				GCC_NO_COMMON_BLOCKS = YES;
				GCC_WARN_64_TO_32_BIT_CONVERSION = YES;
				GCC_WARN_ABOUT_RETURN_TYPE = YES_ERROR;
				GCC_WARN_UNDECLARED_SELECTOR = YES;
				GCC_WARN_UNINITIALIZED_AUTOS = YES_AGGRESSIVE;
				GCC_WARN_UNUSED_FUNCTION = YES;
				GCC_WARN_UNUSED_VARIABLE = YES;
				IPHONEOS_DEPLOYMENT_TARGET = 8.3;
				MTL_ENABLE_DEBUG_INFO = NO;
				SDKROOT = iphoneos;
				VALIDATE_PRODUCT = YES;
			};
			name = Release;
		};
		B5D135861B0B731A00ADC9E5 /* Debug */ = {
			isa = XCBuildConfiguration;
			buildSettings = {
				ASSETCATALOG_COMPILER_APPICON_NAME = AppIcon;
				CODE_SIGN_ENTITLEMENTS = TempTeller/TempTeller.entitlements;
				CODE_SIGN_IDENTITY = "iPhone Developer";
				"CODE_SIGN_IDENTITY[sdk=iphoneos*]" = "iPhone Developer";
				INFOPLIST_FILE = TempTeller/Info.plist;
				LD_RUNPATH_SEARCH_PATHS = "$(inherited) @executable_path/Frameworks";
				PRODUCT_NAME = "$(TARGET_NAME)";
				PROVISIONING_PROFILE = "";
			};
			name = Debug;
		};
		B5D135871B0B731A00ADC9E5 /* Release */ = {
			isa = XCBuildConfiguration;
			buildSettings = {
				ASSETCATALOG_COMPILER_APPICON_NAME = AppIcon;
				CODE_SIGN_ENTITLEMENTS = TempTeller/TempTeller.entitlements;
				CODE_SIGN_IDENTITY = "iPhone Developer";
				"CODE_SIGN_IDENTITY[sdk=iphoneos*]" = "iPhone Developer";
				INFOPLIST_FILE = TempTeller/Info.plist;
				LD_RUNPATH_SEARCH_PATHS = "$(inherited) @executable_path/Frameworks";
				PRODUCT_NAME = "$(TARGET_NAME)";
				PROVISIONING_PROFILE = "";
			};
			name = Release;
		};
		B5D135891B0B731A00ADC9E5 /* Debug */ = {
			isa = XCBuildConfiguration;
			buildSettings = {
				BUNDLE_LOADER = "$(TEST_HOST)";
				FRAMEWORK_SEARCH_PATHS = (
					"$(SDKROOT)/Developer/Library/Frameworks",
					"$(inherited)",
				);
				GCC_PREPROCESSOR_DEFINITIONS = (
					"DEBUG=1",
					"$(inherited)",
				);
				INFOPLIST_FILE = TempTellerTests/Info.plist;
				LD_RUNPATH_SEARCH_PATHS = "$(inherited) @executable_path/Frameworks @loader_path/Frameworks";
				PRODUCT_NAME = "$(TARGET_NAME)";
				TEST_HOST = "$(BUILT_PRODUCTS_DIR)/TempTeller.app/TempTeller";
			};
			name = Debug;
		};
		B5D1358A1B0B731A00ADC9E5 /* Release */ = {
			isa = XCBuildConfiguration;
			buildSettings = {
				BUNDLE_LOADER = "$(TEST_HOST)";
				FRAMEWORK_SEARCH_PATHS = (
					"$(SDKROOT)/Developer/Library/Frameworks",
					"$(inherited)",
				);
				INFOPLIST_FILE = TempTellerTests/Info.plist;
				LD_RUNPATH_SEARCH_PATHS = "$(inherited) @executable_path/Frameworks @loader_path/Frameworks";
				PRODUCT_NAME = "$(TARGET_NAME)";
				TEST_HOST = "$(BUILT_PRODUCTS_DIR)/TempTeller.app/TempTeller";
			};
			name = Release;
		};
/* End XCBuildConfiguration section */

/* Begin XCConfigurationList section */
		B5D135611B0B731A00ADC9E5 /* Build configuration list for PBXProject "TempTeller" */ = {
			isa = XCConfigurationList;
			buildConfigurations = (
				B5D135831B0B731A00ADC9E5 /* Debug */,
				B5D135841B0B731A00ADC9E5 /* Release */,
			);
			defaultConfigurationIsVisible = 0;
			defaultConfigurationName = Release;
		};
		B5D135851B0B731A00ADC9E5 /* Build configuration list for PBXNativeTarget "TempTeller" */ = {
			isa = XCConfigurationList;
			buildConfigurations = (
				B5D135861B0B731A00ADC9E5 /* Debug */,
				B5D135871B0B731A00ADC9E5 /* Release */,
			);
			defaultConfigurationIsVisible = 0;
			defaultConfigurationName = Release;
		};
		B5D135881B0B731A00ADC9E5 /* Build configuration list for PBXNativeTarget "TempTellerTests" */ = {
			isa = XCConfigurationList;
			buildConfigurations = (
				B5D135891B0B731A00ADC9E5 /* Debug */,
				B5D1358A1B0B731A00ADC9E5 /* Release */,
			);
			defaultConfigurationIsVisible = 0;
			defaultConfigurationName = Release;
		};
/* End XCConfigurationList section */
	};
	rootObject = B5D1355E1B0B731A00ADC9E5 /* Project object */;
}
